// !$*UTF8*$!
{
	archiveVersion = 1;
	classes = {
	};
	objectVersion = 46;
	objects = {

/* Begin PBXBuildFile section */
		4611E98F19E9B87B00BC5551 /* main.m in Sources */ = {isa = PBXBuildFile; fileRef = 4611E98E19E9B87B00BC5551 /* main.m */; };
		4611E99219E9B87B00BC5551 /* AppDelegate.m in Sources */ = {isa = PBXBuildFile; fileRef = 4611E99119E9B87B00BC5551 /* AppDelegate.m */; };
		4611E99519E9B87B00BC5551 /* FirstViewController.m in Sources */ = {isa = PBXBuildFile; fileRef = 4611E99419E9B87B00BC5551 /* FirstViewController.m */; };
		4611E99819E9B87B00BC5551 /* SecondViewController.m in Sources */ = {isa = PBXBuildFile; fileRef = 4611E99719E9B87B00BC5551 /* SecondViewController.m */; };
		4611E99B19E9B87B00BC5551 /* Main.storyboard in Resources */ = {isa = PBXBuildFile; fileRef = 4611E99919E9B87B00BC5551 /* Main.storyboard */; };
		4611E99D19E9B87B00BC5551 /* Images.xcassets in Resources */ = {isa = PBXBuildFile; fileRef = 4611E99C19E9B87B00BC5551 /* Images.xcassets */; };
		4611E9A019E9B87B00BC5551 /* LaunchScreen.xib in Resources */ = {isa = PBXBuildFile; fileRef = 4611E99E19E9B87B00BC5551 /* LaunchScreen.xib */; };
		4611E9AC19E9B87B00BC5551 /* cutleryTests.m in Sources */ = {isa = PBXBuildFile; fileRef = 4611E9AB19E9B87B00BC5551 /* cutleryTests.m */; };
/* End PBXBuildFile section */

/* Begin PBXContainerItemProxy section */
		4611E9A619E9B87B00BC5551 /* PBXContainerItemProxy */ = {
			isa = PBXContainerItemProxy;
			containerPortal = 4611E98119E9B87B00BC5551 /* Project object */;
			proxyType = 1;
			remoteGlobalIDString = 4611E98819E9B87B00BC5551;
			remoteInfo = cutlery;
		};
/* End PBXContainerItemProxy section */

/* Begin PBXFileReference section */
		4611E98919E9B87B00BC5551 /* cutlery.app */ = {isa = PBXFileReference; explicitFileType = wrapper.application; includeInIndex = 0; path = cutlery.app; sourceTree = BUILT_PRODUCTS_DIR; };
		4611E98D19E9B87B00BC5551 /* Info.plist */ = {isa = PBXFileReference; lastKnownFileType = text.plist.xml; path = Info.plist; sourceTree = "<group>"; };
		4611E98E19E9B87B00BC5551 /* main.m */ = {isa = PBXFileReference; lastKnownFileType = sourcecode.c.objc; path = main.m; sourceTree = "<group>"; };
		4611E99019E9B87B00BC5551 /* AppDelegate.h */ = {isa = PBXFileReference; lastKnownFileType = sourcecode.c.h; path = AppDelegate.h; sourceTree = "<group>"; };
		4611E99119E9B87B00BC5551 /* AppDelegate.m */ = {isa = PBXFileReference; lastKnownFileType = sourcecode.c.objc; path = AppDelegate.m; sourceTree = "<group>"; };
		4611E99319E9B87B00BC5551 /* FirstViewController.h */ = {isa = PBXFileReference; lastKnownFileType = sourcecode.c.h; path = FirstViewController.h; sourceTree = "<group>"; };
		4611E99419E9B87B00BC5551 /* FirstViewController.m */ = {isa = PBXFileReference; lastKnownFileType = sourcecode.c.objc; path = FirstViewController.m; sourceTree = "<group>"; };
		4611E99619E9B87B00BC5551 /* SecondViewController.h */ = {isa = PBXFileReference; lastKnownFileType = sourcecode.c.h; path = SecondViewController.h; sourceTree = "<group>"; };
		4611E99719E9B87B00BC5551 /* SecondViewController.m */ = {isa = PBXFileReference; lastKnownFileType = sourcecode.c.objc; path = SecondViewController.m; sourceTree = "<group>"; };
		4611E99A19E9B87B00BC5551 /* Base */ = {isa = PBXFileReference; lastKnownFileType = file.storyboard; name = Base; path = Base.lproj/Main.storyboard; sourceTree = "<group>"; };
		4611E99C19E9B87B00BC5551 /* Images.xcassets */ = {isa = PBXFileReference; lastKnownFileType = folder.assetcatalog; path = Images.xcassets; sourceTree = "<group>"; };
		4611E99F19E9B87B00BC5551 /* Base */ = {isa = PBXFileReference; lastKnownFileType = file.xib; name = Base; path = Base.lproj/LaunchScreen.xib; sourceTree = "<group>"; };
		4611E9A519E9B87B00BC5551 /* cutleryTests.xctest */ = {isa = PBXFileReference; explicitFileType = wrapper.cfbundle; includeInIndex = 0; path = cutleryTests.xctest; sourceTree = BUILT_PRODUCTS_DIR; };
		4611E9AA19E9B87B00BC5551 /* Info.plist */ = {isa = PBXFileReference; lastKnownFileType = text.plist.xml; path = Info.plist; sourceTree = "<group>"; };
		4611E9AB19E9B87B00BC5551 /* cutleryTests.m */ = {isa = PBXFileReference; lastKnownFileType = sourcecode.c.objc; path = cutleryTests.m; sourceTree = "<group>"; };
/* End PBXFileReference section */

/* Begin PBXFrameworksBuildPhase section */
		4611E98619E9B87B00BC5551 /* Frameworks */ = {
			isa = PBXFrameworksBuildPhase;
			buildActionMask = 2147483647;
			files = (
			);
			runOnlyForDeploymentPostprocessing = 0;
		};
		4611E9A219E9B87B00BC5551 /* Frameworks */ = {
			isa = PBXFrameworksBuildPhase;
			buildActionMask = 2147483647;
			files = (
			);
			runOnlyForDeploymentPostprocessing = 0;
		};
/* End PBXFrameworksBuildPhase section */

/* Begin PBXGroup section */
		4611E98019E9B87B00BC5551 = {
			isa = PBXGroup;
			children = (
				4611E98B19E9B87B00BC5551 /* cutlery */,
				4611E9A819E9B87B00BC5551 /* cutleryTests */,
				4611E98A19E9B87B00BC5551 /* Products */,
			);
			sourceTree = "<group>";
		};
		4611E98A19E9B87B00BC5551 /* Products */ = {
			isa = PBXGroup;
			children = (
				4611E98919E9B87B00BC5551 /* cutlery.app */,
				4611E9A519E9B87B00BC5551 /* cutleryTests.xctest */,
			);
			name = Products;
			sourceTree = "<group>";
		};
		4611E98B19E9B87B00BC5551 /* cutlery */ = {
			isa = PBXGroup;
			children = (
				4611E99019E9B87B00BC5551 /* AppDelegate.h */,
				4611E99119E9B87B00BC5551 /* AppDelegate.m */,
				4611E99319E9B87B00BC5551 /* FirstViewController.h */,
				4611E99419E9B87B00BC5551 /* FirstViewController.m */,
				4611E99619E9B87B00BC5551 /* SecondViewController.h */,
				4611E99719E9B87B00BC5551 /* SecondViewController.m */,
				4611E99919E9B87B00BC5551 /* Main.storyboard */,
				4611E99C19E9B87B00BC5551 /* Images.xcassets */,
				4611E99E19E9B87B00BC5551 /* LaunchScreen.xib */,
				4611E98C19E9B87B00BC5551 /* Supporting Files */,
			);
			path = cutlery;
			sourceTree = "<group>";
		};
		4611E98C19E9B87B00BC5551 /* Supporting Files */ = {
			isa = PBXGroup;
			children = (
				4611E98D19E9B87B00BC5551 /* Info.plist */,
				4611E98E19E9B87B00BC5551 /* main.m */,
			);
			name = "Supporting Files";
			sourceTree = "<group>";
		};
		4611E9A819E9B87B00BC5551 /* cutleryTests */ = {
			isa = PBXGroup;
			children = (
				4611E9AB19E9B87B00BC5551 /* cutleryTests.m */,
				4611E9A919E9B87B00BC5551 /* Supporting Files */,
			);
			path = cutleryTests;
			sourceTree = "<group>";
		};
		4611E9A919E9B87B00BC5551 /* Supporting Files */ = {
			isa = PBXGroup;
			children = (
				4611E9AA19E9B87B00BC5551 /* Info.plist */,
			);
			name = "Supporting Files";
			sourceTree = "<group>";
		};
/* End PBXGroup section */

/* Begin PBXNativeTarget section */
		4611E98819E9B87B00BC5551 /* cutlery */ = {
			isa = PBXNativeTarget;
			buildConfigurationList = 4611E9AF19E9B87B00BC5551 /* Build configuration list for PBXNativeTarget "cutlery" */;
			buildPhases = (
				4611E98519E9B87B00BC5551 /* Sources */,
				4611E98619E9B87B00BC5551 /* Frameworks */,
				4611E98719E9B87B00BC5551 /* Resources */,
			);
			buildRules = (
			);
			dependencies = (
			);
			name = cutlery;
			productName = cutlery;
			productReference = 4611E98919E9B87B00BC5551 /* cutlery.app */;
			productType = "com.apple.product-type.application";
		};
		4611E9A419E9B87B00BC5551 /* cutleryTests */ = {
			isa = PBXNativeTarget;
			buildConfigurationList = 4611E9B219E9B87B00BC5551 /* Build configuration list for PBXNativeTarget "cutleryTests" */;
			buildPhases = (
				4611E9A119E9B87B00BC5551 /* Sources */,
				4611E9A219E9B87B00BC5551 /* Frameworks */,
				4611E9A319E9B87B00BC5551 /* Resources */,
			);
			buildRules = (
			);
			dependencies = (
				4611E9A719E9B87B00BC5551 /* PBXTargetDependency */,
			);
			name = cutleryTests;
			productName = cutleryTests;
			productReference = 4611E9A519E9B87B00BC5551 /* cutleryTests.xctest */;
			productType = "com.apple.product-type.bundle.unit-test";
		};
/* End PBXNativeTarget section */

/* Begin PBXProject section */
		4611E98119E9B87B00BC5551 /* Project object */ = {
			isa = PBXProject;
			attributes = {
				LastUpgradeCheck = 0600;
				ORGANIZATIONNAME = Appstract;
				TargetAttributes = {
					4611E98819E9B87B00BC5551 = {
						CreatedOnToolsVersion = 6.0.1;
					};
					4611E9A419E9B87B00BC5551 = {
						CreatedOnToolsVersion = 6.0.1;
						TestTargetID = 4611E98819E9B87B00BC5551;
					};
				};
			};
			buildConfigurationList = 4611E98419E9B87B00BC5551 /* Build configuration list for PBXProject "cutlery" */;
			compatibilityVersion = "Xcode 3.2";
			developmentRegion = English;
			hasScannedForEncodings = 0;
			knownRegions = (
				en,
				Base,
			);
			mainGroup = 4611E98019E9B87B00BC5551;
			productRefGroup = 4611E98A19E9B87B00BC5551 /* Products */;
			projectDirPath = "";
			projectRoot = "";
			targets = (
				4611E98819E9B87B00BC5551 /* cutlery */,
				4611E9A419E9B87B00BC5551 /* cutleryTests */,
			);
		};
/* End PBXProject section */

/* Begin PBXResourcesBuildPhase section */
		4611E98719E9B87B00BC5551 /* Resources */ = {
			isa = PBXResourcesBuildPhase;
			buildActionMask = 2147483647;
			files = (
				4611E99B19E9B87B00BC5551 /* Main.storyboard in Resources */,
				4611E9A019E9B87B00BC5551 /* LaunchScreen.xib in Resources */,
				4611E99D19E9B87B00BC5551 /* Images.xcassets in Resources */,
			);
			runOnlyForDeploymentPostprocessing = 0;
		};
		4611E9A319E9B87B00BC5551 /* Resources */ = {
			isa = PBXResourcesBuildPhase;
			buildActionMask = 2147483647;
			files = (
			);
			runOnlyForDeploymentPostprocessing = 0;
		};
/* End PBXResourcesBuildPhase section */

/* Begin PBXSourcesBuildPhase section */
		4611E98519E9B87B00BC5551 /* Sources */ = {
			isa = PBXSourcesBuildPhase;
			buildActionMask = 2147483647;
			files = (
				4611E99819E9B87B00BC5551 /* SecondViewController.m in Sources */,
				4611E99219E9B87B00BC5551 /* AppDelegate.m in Sources */,
				4611E99519E9B87B00BC5551 /* FirstViewController.m in Sources */,
				4611E98F19E9B87B00BC5551 /* main.m in Sources */,
			);
			runOnlyForDeploymentPostprocessing = 0;
		};
		4611E9A119E9B87B00BC5551 /* Sources */ = {
			isa = PBXSourcesBuildPhase;
			buildActionMask = 2147483647;
			files = (
				4611E9AC19E9B87B00BC5551 /* cutleryTests.m in Sources */,
			);
			runOnlyForDeploymentPostprocessing = 0;
		};
/* End PBXSourcesBuildPhase section */

/* Begin PBXTargetDependency section */
		4611E9A719E9B87B00BC5551 /* PBXTargetDependency */ = {
			isa = PBXTargetDependency;
			target = 4611E98819E9B87B00BC5551 /* cutlery */;
			targetProxy = 4611E9A619E9B87B00BC5551 /* PBXContainerItemProxy */;
		};
/* End PBXTargetDependency section */

/* Begin PBXVariantGroup section */
		4611E99919E9B87B00BC5551 /* Main.storyboard */ = {
			isa = PBXVariantGroup;
			children = (
				4611E99A19E9B87B00BC5551 /* Base */,
			);
			name = Main.storyboard;
			sourceTree = "<group>";
		};
		4611E99E19E9B87B00BC5551 /* LaunchScreen.xib */ = {
			isa = PBXVariantGroup;
			children = (
				4611E99F19E9B87B00BC5551 /* Base */,
			);
			name = LaunchScreen.xib;
			sourceTree = "<group>";
		};
/* End PBXVariantGroup section */

/* Begin XCBuildConfiguration section */
		4611E9AD19E9B87B00BC5551 /* Debug */ = {
			isa = XCBuildConfiguration;
			buildSettings = {
				ALWAYS_SEARCH_USER_PATHS = NO;
				CLANG_CXX_LANGUAGE_STANDARD = "gnu++0x";
				CLANG_CXX_LIBRARY = "libc++";
				CLANG_ENABLE_MODULES = YES;
				CLANG_ENABLE_OBJC_ARC = YES;
				CLANG_WARN_BOOL_CONVERSION = YES;
				CLANG_WARN_CONSTANT_CONVERSION = YES;
				CLANG_WARN_DIRECT_OBJC_ISA_USAGE = YES_ERROR;
				CLANG_WARN_EMPTY_BODY = YES;
				CLANG_WARN_ENUM_CONVERSION = YES;
				CLANG_WARN_INT_CONVERSION = YES;
				CLANG_WARN_OBJC_ROOT_CLASS = YES_ERROR;
				CLANG_WARN_UNREACHABLE_CODE = YES;
				CLANG_WARN__DUPLICATE_METHOD_MATCH = YES;
				"CODE_SIGN_IDENTITY[sdk=iphoneos*]" = "iPhone Developer";
				COPY_PHASE_STRIP = NO;
				ENABLE_STRICT_OBJC_MSGSEND = YES;
				GCC_C_LANGUAGE_STANDARD = gnu99;
				GCC_DYNAMIC_NO_PIC = NO;
				GCC_OPTIMIZATION_LEVEL = 0;
				GCC_PREPROCESSOR_DEFINITIONS = (
					"DEBUG=1",
					"$(inherited)",
				);
				GCC_SYMBOLS_PRIVATE_EXTERN = NO;
				GCC_WARN_64_TO_32_BIT_CONVERSION = YES;
				GCC_WARN_ABOUT_RETURN_TYPE = YES_ERROR;
				GCC_WARN_UNDECLARED_SELECTOR = YES;
				GCC_WARN_UNINITIALIZED_AUTOS = YES_AGGRESSIVE;
				GCC_WARN_UNUSED_FUNCTION = YES;
				GCC_WARN_UNUSED_VARIABLE = YES;
				IPHONEOS_DEPLOYMENT_TARGET = 8.0;
				MTL_ENABLE_DEBUG_INFO = YES;
				ONLY_ACTIVE_ARCH = YES;
				SDKROOT = iphoneos;
				TARGETED_DEVICE_FAMILY = "1,2";
			};
			name = Debug;
		};
		4611E9AE19E9B87B00BC5551 /* Release */ = {
			isa = XCBuildConfiguration;
			buildSettings = {
				ALWAYS_SEARCH_USER_PATHS = NO;
				CLANG_CXX_LANGUAGE_STANDARD = "gnu++0x";
				CLANG_CXX_LIBRARY = "libc++";
				CLANG_ENABLE_MODULES = YES;
				CLANG_ENABLE_OBJC_ARC = YES;
				CLANG_WARN_BOOL_CONVERSION = YES;
				CLANG_WARN_CONSTANT_CONVERSION = YES;
				CLANG_WARN_DIRECT_OBJC_ISA_USAGE = YES_ERROR;
				CLANG_WARN_EMPTY_BODY = YES;
				CLANG_WARN_ENUM_CONVERSION = YES;
				CLANG_WARN_INT_CONVERSION = YES;
				CLANG_WARN_OBJC_ROOT_CLASS = YES_ERROR;
				CLANG_WARN_UNREACHABLE_CODE = YES;
				CLANG_WARN__DUPLICATE_METHOD_MATCH = YES;
				"CODE_SIGN_IDENTITY[sdk=iphoneos*]" = "iPhone Developer";
				COPY_PHASE_STRIP = YES;
				ENABLE_NS_ASSERTIONS = NO;
				ENABLE_STRICT_OBJC_MSGSEND = YES;
				GCC_C_LANGUAGE_STANDARD = gnu99;
				GCC_WARN_64_TO_32_BIT_CONVERSION = YES;
				GCC_WARN_ABOUT_RETURN_TYPE = YES_ERROR;
				GCC_WARN_UNDECLARED_SELECTOR = YES;
				GCC_WARN_UNINITIALIZED_AUTOS = YES_AGGRESSIVE;
				GCC_WARN_UNUSED_FUNCTION = YES;
				GCC_WARN_UNUSED_VARIABLE = YES;
				IPHONEOS_DEPLOYMENT_TARGET = 8.0;
				MTL_ENABLE_DEBUG_INFO = NO;
				SDKROOT = iphoneos;
				TARGETED_DEVICE_FAMILY = "1,2";
				VALIDATE_PRODUCT = YES;
			};
			name = Release;
		};
		4611E9B019E9B87B00BC5551 /* Debug */ = {
			isa = XCBuildConfiguration;
			buildSettings = {
				ASSETCATALOG_COMPILER_APPICON_NAME = AppIcon;
				INFOPLIST_FILE = cutlery/Info.plist;
				LD_RUNPATH_SEARCH_PATHS = "$(inherited) @executable_path/Frameworks";
				PRODUCT_NAME = "$(TARGET_NAME)";
			};
			name = Debug;
		};
		4611E9B119E9B87B00BC5551 /* Release */ = {
			isa = XCBuildConfiguration;
			buildSettings = {
				ASSETCATALOG_COMPILER_APPICON_NAME = AppIcon;
				INFOPLIST_FILE = cutlery/Info.plist;
				LD_RUNPATH_SEARCH_PATHS = "$(inherited) @executable_path/Frameworks";
				PRODUCT_NAME = "$(TARGET_NAME)";
			};
			name = Release;
		};
		4611E9B319E9B87B00BC5551 /* Debug */ = {
			isa = XCBuildConfiguration;
			buildSettings = {
				BUNDLE_LOADER = "$(TEST_HOST)";
				FRAMEWORK_SEARCH_PATHS = (
					"$(SDKROOT)/Developer/Library/Frameworks",
					"$(inherited)",
				);
				GCC_PREPROCESSOR_DEFINITIONS = (
					"DEBUG=1",
					"$(inherited)",
				);
				INFOPLIST_FILE = cutleryTests/Info.plist;
				LD_RUNPATH_SEARCH_PATHS = "$(inherited) @executable_path/Frameworks @loader_path/Frameworks";
				PRODUCT_NAME = "$(TARGET_NAME)";
				TEST_HOST = "$(BUILT_PRODUCTS_DIR)/cutlery.app/cutlery";
			};
			name = Debug;
		};
		4611E9B419E9B87B00BC5551 /* Release */ = {
			isa = XCBuildConfiguration;
			buildSettings = {
				BUNDLE_LOADER = "$(TEST_HOST)";
				FRAMEWORK_SEARCH_PATHS = (
					"$(SDKROOT)/Developer/Library/Frameworks",
					"$(inherited)",
				);
				INFOPLIST_FILE = cutleryTests/Info.plist;
				LD_RUNPATH_SEARCH_PATHS = "$(inherited) @executable_path/Frameworks @loader_path/Frameworks";
				PRODUCT_NAME = "$(TARGET_NAME)";
				TEST_HOST = "$(BUILT_PRODUCTS_DIR)/cutlery.app/cutlery";
			};
			name = Release;
		};
/* End XCBuildConfiguration section */

/* Begin XCConfigurationList section */
		4611E98419E9B87B00BC5551 /* Build configuration list for PBXProject "cutlery" */ = {
			isa = XCConfigurationList;
			buildConfigurations = (
				4611E9AD19E9B87B00BC5551 /* Debug */,
				4611E9AE19E9B87B00BC5551 /* Release */,
			);
			defaultConfigurationIsVisible = 0;
			defaultConfigurationName = Release;
		};
		4611E9AF19E9B87B00BC5551 /* Build configuration list for PBXNativeTarget "cutlery" */ = {
			isa = XCConfigurationList;
			buildConfigurations = (
				4611E9B019E9B87B00BC5551 /* Debug */,
				4611E9B119E9B87B00BC5551 /* Release */,
			);
			defaultConfigurationIsVisible = 0;
		};
		4611E9B219E9B87B00BC5551 /* Build configuration list for PBXNativeTarget "cutleryTests" */ = {
			isa = XCConfigurationList;
			buildConfigurations = (
				4611E9B319E9B87B00BC5551 /* Debug */,
				4611E9B419E9B87B00BC5551 /* Release */,
			);
			defaultConfigurationIsVisible = 0;
		};
/* End XCConfigurationList section */
	};
	rootObject = 4611E98119E9B87B00BC5551 /* Project object */;
}
